{
  "nodes": {
    "nixpkgs": {
      "locked": {
        "lastModified": 1692372666,
        "narHash": "sha256-JyoI70xpi2irk2JW5KL2w4DrkKmr6EiPztYw6+dqnho=",
        "owner": "NixOS",
        "repo": "nixpkgs",
        "rev": "da5b3c7f1029781ee3c0d971db3f259cf46d205d",
        "type": "github"
      },
      "original": {
        "owner": "NixOS",
        "ref": "nixpkgs-unstable",
        "repo": "nixpkgs",
        "type": "github"
      }
    },
    "root": {
      "inputs": {
        "nixpkgs": "nixpkgs"
      }
    }
  },
  "root": "root",
  "version": 7
}
